// !$*UTF8*$!
{
	archiveVersion = 1;
	classes = {
	};
	objectVersion = 46;
	objects = {

/* Begin PBXBuildFile section */
		71ABFA3E1C6E1F82003734E6 /* DLSplashScreenWebService.m in Sources */ = {isa = PBXBuildFile; fileRef = 71ABFA3D1C6E1F82003734E6 /* DLSplashScreenWebService.m */; };
		71ABFA3F1C6E237A003734E6 /* DLSplashScreenWebService.h in CopyFiles */ = {isa = PBXBuildFile; fileRef = 71ABFA3C1C6E1F82003734E6 /* DLSplashScreenWebService.h */; };
		71ABFA421C6E38C9003734E6 /* DLSplashAd.m in Sources */ = {isa = PBXBuildFile; fileRef = 71ABFA411C6E38C9003734E6 /* DLSplashAd.m */; };
		71C020B41C734F1200CF6981 /* CorrectJsonData.json in Resources */ = {isa = PBXBuildFile; fileRef = 71C020B11C734F1200CF6981 /* CorrectJsonData.json */; };
		71C020B51C734F1200CF6981 /* EmptyJsonData.json in Resources */ = {isa = PBXBuildFile; fileRef = 71C020B21C734F1200CF6981 /* EmptyJsonData.json */; };
		71C020B61C734F1200CF6981 /* WrongJsonData.json in Resources */ = {isa = PBXBuildFile; fileRef = 71C020B31C734F1200CF6981 /* WrongJsonData.json */; };
		71F841B11C723770003CF0E4 /* DLSplashAdTests.m in Sources */ = {isa = PBXBuildFile; fileRef = 71F841B01C723770003CF0E4 /* DLSplashAdTests.m */; };
		71F841B51C723A57003CF0E4 /* DLTestingHelper.m in Sources */ = {isa = PBXBuildFile; fileRef = 71F841B41C723A57003CF0E4 /* DLTestingHelper.m */; };
		87E8BCFF1C6DDAFD004C2EAD /* DLSplashModule.h in CopyFiles */ = {isa = PBXBuildFile; fileRef = 87E8BCFE1C6DDAFD004C2EAD /* DLSplashModule.h */; };
		87E8BD011C6DDAFD004C2EAD /* DLSplashModule.m in Sources */ = {isa = PBXBuildFile; fileRef = 87E8BD001C6DDAFD004C2EAD /* DLSplashModule.m */; };
		87E8BD141C6DEDAD004C2EAD /* DLSplashModuleTests.m in Sources */ = {isa = PBXBuildFile; fileRef = 87E8BD131C6DEDAD004C2EAD /* DLSplashModuleTests.m */; };
		87E8BD161C6DEDAD004C2EAD /* libDLSplashModule.a in Frameworks */ = {isa = PBXBuildFile; fileRef = 87E8BCFB1C6DDAFD004C2EAD /* libDLSplashModule.a */; };
		87E8BD2E1C6E01DE004C2EAD /* DLAdView.m in Sources */ = {isa = PBXBuildFile; fileRef = 87E8BD2D1C6E01DE004C2EAD /* DLAdView.m */; };
		87E8BD2F1C6E06A2004C2EAD /* DLAdView.h in CopyFiles */ = {isa = PBXBuildFile; fileRef = 87E8BD2C1C6E01DE004C2EAD /* DLAdView.h */; };
		87E8BD311C71E7D2004C2EAD /* DLAdViewDelegate.h in CopyFiles */ = {isa = PBXBuildFile; fileRef = 87E8BD301C71E6E8004C2EAD /* DLAdViewDelegate.h */; };
/* End PBXBuildFile section */

/* Begin PBXContainerItemProxy section */
		87E8BD171C6DEDAD004C2EAD /* PBXContainerItemProxy */ = {
			isa = PBXContainerItemProxy;
			containerPortal = 87E8BCF31C6DDAFD004C2EAD /* Project object */;
			proxyType = 1;
			remoteGlobalIDString = 87E8BCFA1C6DDAFD004C2EAD;
			remoteInfo = DLSplashModule;
		};
/* End PBXContainerItemProxy section */

/* Begin PBXCopyFilesBuildPhase section */
		87E8BCF91C6DDAFD004C2EAD /* CopyFiles */ = {
			isa = PBXCopyFilesBuildPhase;
			buildActionMask = 2147483647;
			dstPath = "include/$(PRODUCT_NAME)";
			dstSubfolderSpec = 16;
			files = (
				71ABFA3F1C6E237A003734E6 /* DLSplashScreenWebService.h in CopyFiles */,
				87E8BD311C71E7D2004C2EAD /* DLAdViewDelegate.h in CopyFiles */,
				87E8BD2F1C6E06A2004C2EAD /* DLAdView.h in CopyFiles */,
				87E8BCFF1C6DDAFD004C2EAD /* DLSplashModule.h in CopyFiles */,
			);
			runOnlyForDeploymentPostprocessing = 0;
		};
/* End PBXCopyFilesBuildPhase section */

/* Begin PBXFileReference section */
		71ABFA3C1C6E1F82003734E6 /* DLSplashScreenWebService.h */ = {isa = PBXFileReference; fileEncoding = 4; lastKnownFileType = sourcecode.c.h; path = DLSplashScreenWebService.h; sourceTree = "<group>"; };
		71ABFA3D1C6E1F82003734E6 /* DLSplashScreenWebService.m */ = {isa = PBXFileReference; fileEncoding = 4; lastKnownFileType = sourcecode.c.objc; path = DLSplashScreenWebService.m; sourceTree = "<group>"; };
		71ABFA401C6E38C9003734E6 /* DLSplashAd.h */ = {isa = PBXFileReference; fileEncoding = 4; lastKnownFileType = sourcecode.c.h; path = DLSplashAd.h; sourceTree = "<group>"; };
		71ABFA411C6E38C9003734E6 /* DLSplashAd.m */ = {isa = PBXFileReference; fileEncoding = 4; lastKnownFileType = sourcecode.c.objc; path = DLSplashAd.m; sourceTree = "<group>"; };
		71C020B11C734F1200CF6981 /* CorrectJsonData.json */ = {isa = PBXFileReference; fileEncoding = 4; lastKnownFileType = text.json; name = CorrectJsonData.json; path = "Unit Tests Data/CorrectJsonData.json"; sourceTree = "<group>"; };
		71C020B21C734F1200CF6981 /* EmptyJsonData.json */ = {isa = PBXFileReference; fileEncoding = 4; lastKnownFileType = text.json; name = EmptyJsonData.json; path = "Unit Tests Data/EmptyJsonData.json"; sourceTree = "<group>"; };
		71C020B31C734F1200CF6981 /* WrongJsonData.json */ = {isa = PBXFileReference; fileEncoding = 4; lastKnownFileType = text.json; name = WrongJsonData.json; path = "Unit Tests Data/WrongJsonData.json"; sourceTree = "<group>"; };
		71F841B01C723770003CF0E4 /* DLSplashAdTests.m */ = {isa = PBXFileReference; fileEncoding = 4; lastKnownFileType = sourcecode.c.objc; path = DLSplashAdTests.m; sourceTree = "<group>"; };
		71F841B31C723A57003CF0E4 /* DLTestingHelper.h */ = {isa = PBXFileReference; fileEncoding = 4; lastKnownFileType = sourcecode.c.h; path = DLTestingHelper.h; sourceTree = "<group>"; };
		71F841B41C723A57003CF0E4 /* DLTestingHelper.m */ = {isa = PBXFileReference; fileEncoding = 4; lastKnownFileType = sourcecode.c.objc; path = DLTestingHelper.m; sourceTree = "<group>"; };
		87E8BCFB1C6DDAFD004C2EAD /* libDLSplashModule.a */ = {isa = PBXFileReference; explicitFileType = archive.ar; includeInIndex = 0; path = libDLSplashModule.a; sourceTree = BUILT_PRODUCTS_DIR; };
		87E8BCFE1C6DDAFD004C2EAD /* DLSplashModule.h */ = {isa = PBXFileReference; lastKnownFileType = sourcecode.c.h; path = DLSplashModule.h; sourceTree = "<group>"; };
		87E8BD001C6DDAFD004C2EAD /* DLSplashModule.m */ = {isa = PBXFileReference; lastKnownFileType = sourcecode.c.objc; path = DLSplashModule.m; sourceTree = "<group>"; };
		87E8BD111C6DEDAD004C2EAD /* DLSplashModuleTests.xctest */ = {isa = PBXFileReference; explicitFileType = wrapper.cfbundle; includeInIndex = 0; path = DLSplashModuleTests.xctest; sourceTree = BUILT_PRODUCTS_DIR; };
		87E8BD131C6DEDAD004C2EAD /* DLSplashModuleTests.m */ = {isa = PBXFileReference; lastKnownFileType = sourcecode.c.objc; path = DLSplashModuleTests.m; sourceTree = "<group>"; };
		87E8BD151C6DEDAD004C2EAD /* Info.plist */ = {isa = PBXFileReference; lastKnownFileType = text.plist.xml; path = Info.plist; sourceTree = "<group>"; };
		87E8BD2C1C6E01DE004C2EAD /* DLAdView.h */ = {isa = PBXFileReference; fileEncoding = 4; lastKnownFileType = sourcecode.c.h; path = DLAdView.h; sourceTree = "<group>"; };
		87E8BD2D1C6E01DE004C2EAD /* DLAdView.m */ = {isa = PBXFileReference; fileEncoding = 4; lastKnownFileType = sourcecode.c.objc; path = DLAdView.m; sourceTree = "<group>"; };
		87E8BD301C71E6E8004C2EAD /* DLAdViewDelegate.h */ = {isa = PBXFileReference; lastKnownFileType = sourcecode.c.h; path = DLAdViewDelegate.h; sourceTree = "<group>"; };
/* End PBXFileReference section */

/* Begin PBXFrameworksBuildPhase section */
		87E8BCF81C6DDAFD004C2EAD /* Frameworks */ = {
			isa = PBXFrameworksBuildPhase;
			buildActionMask = 2147483647;
			files = (
			);
			runOnlyForDeploymentPostprocessing = 0;
		};
		87E8BD0E1C6DEDAD004C2EAD /* Frameworks */ = {
			isa = PBXFrameworksBuildPhase;
			buildActionMask = 2147483647;
			files = (
				87E8BD161C6DEDAD004C2EAD /* libDLSplashModule.a in Frameworks */,
			);
			runOnlyForDeploymentPostprocessing = 0;
		};
/* End PBXFrameworksBuildPhase section */

/* Begin PBXGroup section */
		71C020B01C734ECF00CF6981 /* Unit Tests Data */ = {
			isa = PBXGroup;
			children = (
				71C020B11C734F1200CF6981 /* CorrectJsonData.json */,
				71C020B21C734F1200CF6981 /* EmptyJsonData.json */,
				71C020B31C734F1200CF6981 /* WrongJsonData.json */,
			);
			name = "Unit Tests Data";
			sourceTree = "<group>";
		};
		71F841B21C723A11003CF0E4 /* Helpers */ = {
			isa = PBXGroup;
			children = (
				71F841B31C723A57003CF0E4 /* DLTestingHelper.h */,
				71F841B41C723A57003CF0E4 /* DLTestingHelper.m */,
			);
			name = Helpers;
			sourceTree = "<group>";
		};
		87E8BCF21C6DDAFD004C2EAD = {
			isa = PBXGroup;
			children = (
				87E8BCFD1C6DDAFD004C2EAD /* DLSplashModule */,
				87E8BD121C6DEDAD004C2EAD /* DLSplashModuleTests */,
				87E8BCFC1C6DDAFD004C2EAD /* Products */,
			);
			sourceTree = "<group>";
		};
		87E8BCFC1C6DDAFD004C2EAD /* Products */ = {
			isa = PBXGroup;
			children = (
				87E8BCFB1C6DDAFD004C2EAD /* libDLSplashModule.a */,
				87E8BD111C6DEDAD004C2EAD /* DLSplashModuleTests.xctest */,
			);
			name = Products;
			sourceTree = "<group>";
		};
		87E8BCFD1C6DDAFD004C2EAD /* DLSplashModule */ = {
			isa = PBXGroup;
			children = (
				71ABFA3C1C6E1F82003734E6 /* DLSplashScreenWebService.h */,
				71ABFA3D1C6E1F82003734E6 /* DLSplashScreenWebService.m */,
				87E8BCFE1C6DDAFD004C2EAD /* DLSplashModule.h */,
				87E8BD001C6DDAFD004C2EAD /* DLSplashModule.m */,
				71ABFA401C6E38C9003734E6 /* DLSplashAd.h */,
				71ABFA411C6E38C9003734E6 /* DLSplashAd.m */,
				87E8BD2C1C6E01DE004C2EAD /* DLAdView.h */,
				87E8BD2D1C6E01DE004C2EAD /* DLAdView.m */,
				87E8BD301C71E6E8004C2EAD /* DLAdViewDelegate.h */,
			);
			path = DLSplashModule;
			sourceTree = "<group>";
		};
		87E8BD121C6DEDAD004C2EAD /* DLSplashModuleTests */ = {
			isa = PBXGroup;
			children = (
				71C020B01C734ECF00CF6981 /* Unit Tests Data */,
				71F841B21C723A11003CF0E4 /* Helpers */,
				87E8BD131C6DEDAD004C2EAD /* DLSplashModuleTests.m */,
				71F841B01C723770003CF0E4 /* DLSplashAdTests.m */,
				87E8BD151C6DEDAD004C2EAD /* Info.plist */,
			);
			path = DLSplashModuleTests;
			sourceTree = "<group>";
		};
/* End PBXGroup section */

/* Begin PBXNativeTarget section */
		87E8BCFA1C6DDAFD004C2EAD /* DLSplashModule */ = {
			isa = PBXNativeTarget;
			buildConfigurationList = 87E8BD041C6DDAFD004C2EAD /* Build configuration list for PBXNativeTarget "DLSplashModule" */;
			buildPhases = (
				87E8BCF71C6DDAFD004C2EAD /* Sources */,
				87E8BCF81C6DDAFD004C2EAD /* Frameworks */,
				87E8BCF91C6DDAFD004C2EAD /* CopyFiles */,
			);
			buildRules = (
			);
			dependencies = (
			);
			name = DLSplashModule;
			productName = DLSplashModule;
			productReference = 87E8BCFB1C6DDAFD004C2EAD /* libDLSplashModule.a */;
			productType = "com.apple.product-type.library.static";
		};
		87E8BD101C6DEDAD004C2EAD /* DLSplashModuleTests */ = {
			isa = PBXNativeTarget;
			buildConfigurationList = 87E8BD1B1C6DEDAD004C2EAD /* Build configuration list for PBXNativeTarget "DLSplashModuleTests" */;
			buildPhases = (
				87E8BD0D1C6DEDAD004C2EAD /* Sources */,
				87E8BD0E1C6DEDAD004C2EAD /* Frameworks */,
				87E8BD0F1C6DEDAD004C2EAD /* Resources */,
			);
			buildRules = (
			);
			dependencies = (
				87E8BD181C6DEDAD004C2EAD /* PBXTargetDependency */,
			);
			name = DLSplashModuleTests;
			productName = DLSplashModuleTests;
			productReference = 87E8BD111C6DEDAD004C2EAD /* DLSplashModuleTests.xctest */;
			productType = "com.apple.product-type.bundle.unit-test";
		};
/* End PBXNativeTarget section */

/* Begin PBXProject section */
		87E8BCF31C6DDAFD004C2EAD /* Project object */ = {
			isa = PBXProject;
			attributes = {
				LastUpgradeCheck = 0720;
				ORGANIZATIONNAME = DreamLab;
				TargetAttributes = {
					87E8BCFA1C6DDAFD004C2EAD = {
						CreatedOnToolsVersion = 7.2.1;
					};
					87E8BD101C6DEDAD004C2EAD = {
						CreatedOnToolsVersion = 7.2.1;
					};
				};
			};
			buildConfigurationList = 87E8BCF61C6DDAFD004C2EAD /* Build configuration list for PBXProject "DLSplashModule" */;
			compatibilityVersion = "Xcode 3.2";
			developmentRegion = English;
			hasScannedForEncodings = 0;
			knownRegions = (
				en,
			);
			mainGroup = 87E8BCF21C6DDAFD004C2EAD;
			productRefGroup = 87E8BCFC1C6DDAFD004C2EAD /* Products */;
			projectDirPath = "";
			projectRoot = "";
			targets = (
				87E8BCFA1C6DDAFD004C2EAD /* DLSplashModule */,
				87E8BD101C6DEDAD004C2EAD /* DLSplashModuleTests */,
			);
		};
/* End PBXProject section */

/* Begin PBXResourcesBuildPhase section */
		87E8BD0F1C6DEDAD004C2EAD /* Resources */ = {
			isa = PBXResourcesBuildPhase;
			buildActionMask = 2147483647;
			files = (
				71C020B61C734F1200CF6981 /* WrongJsonData.json in Resources */,
				71C020B41C734F1200CF6981 /* CorrectJsonData.json in Resources */,
				71C020B51C734F1200CF6981 /* EmptyJsonData.json in Resources */,
			);
			runOnlyForDeploymentPostprocessing = 0;
		};
/* End PBXResourcesBuildPhase section */

/* Begin PBXSourcesBuildPhase section */
		87E8BCF71C6DDAFD004C2EAD /* Sources */ = {
			isa = PBXSourcesBuildPhase;
			buildActionMask = 2147483647;
			files = (
				87E8BD011C6DDAFD004C2EAD /* DLSplashModule.m in Sources */,
				71ABFA421C6E38C9003734E6 /* DLSplashAd.m in Sources */,
				71ABFA3E1C6E1F82003734E6 /* DLSplashScreenWebService.m in Sources */,
				87E8BD2E1C6E01DE004C2EAD /* DLAdView.m in Sources */,
			);
			runOnlyForDeploymentPostprocessing = 0;
		};
		87E8BD0D1C6DEDAD004C2EAD /* Sources */ = {
			isa = PBXSourcesBuildPhase;
			buildActionMask = 2147483647;
			files = (
				71F841B51C723A57003CF0E4 /* DLTestingHelper.m in Sources */,
				87E8BD141C6DEDAD004C2EAD /* DLSplashModuleTests.m in Sources */,
				71F841B11C723770003CF0E4 /* DLSplashAdTests.m in Sources */,
			);
			runOnlyForDeploymentPostprocessing = 0;
		};
/* End PBXSourcesBuildPhase section */

/* Begin PBXTargetDependency section */
		87E8BD181C6DEDAD004C2EAD /* PBXTargetDependency */ = {
			isa = PBXTargetDependency;
			target = 87E8BCFA1C6DDAFD004C2EAD /* DLSplashModule */;
			targetProxy = 87E8BD171C6DEDAD004C2EAD /* PBXContainerItemProxy */;
		};
/* End PBXTargetDependency section */

/* Begin XCBuildConfiguration section */
		87E8BD021C6DDAFD004C2EAD /* Debug */ = {
			isa = XCBuildConfiguration;
			buildSettings = {
				ALWAYS_SEARCH_USER_PATHS = NO;
				CLANG_CXX_LANGUAGE_STANDARD = "gnu++0x";
				CLANG_CXX_LIBRARY = "libc++";
				CLANG_ENABLE_MODULES = YES;
				CLANG_ENABLE_OBJC_ARC = YES;
				CLANG_WARN_BOOL_CONVERSION = YES;
				CLANG_WARN_CONSTANT_CONVERSION = YES;
				CLANG_WARN_DIRECT_OBJC_ISA_USAGE = YES_ERROR;
				CLANG_WARN_EMPTY_BODY = YES;
				CLANG_WARN_ENUM_CONVERSION = YES;
				CLANG_WARN_INT_CONVERSION = YES;
				CLANG_WARN_OBJC_ROOT_CLASS = YES_ERROR;
				CLANG_WARN_UNREACHABLE_CODE = YES;
				CLANG_WARN__DUPLICATE_METHOD_MATCH = YES;
				"CODE_SIGN_IDENTITY[sdk=iphoneos*]" = "iPhone Developer";
				COPY_PHASE_STRIP = NO;
				DEBUG_INFORMATION_FORMAT = dwarf;
				ENABLE_STRICT_OBJC_MSGSEND = YES;
				ENABLE_TESTABILITY = YES;
				GCC_C_LANGUAGE_STANDARD = gnu99;
				GCC_DYNAMIC_NO_PIC = NO;
				GCC_NO_COMMON_BLOCKS = YES;
				GCC_OPTIMIZATION_LEVEL = 0;
				GCC_PREPROCESSOR_DEFINITIONS = (
					"DEBUG=1",
					"$(inherited)",
				);
				GCC_WARN_64_TO_32_BIT_CONVERSION = YES;
				GCC_WARN_ABOUT_RETURN_TYPE = YES_ERROR;
				GCC_WARN_UNDECLARED_SELECTOR = YES;
				GCC_WARN_UNINITIALIZED_AUTOS = YES_AGGRESSIVE;
				GCC_WARN_UNUSED_FUNCTION = YES;
				GCC_WARN_UNUSED_VARIABLE = YES;
				IPHONEOS_DEPLOYMENT_TARGET = 9.2;
				MTL_ENABLE_DEBUG_INFO = YES;
				ONLY_ACTIVE_ARCH = YES;
				SDKROOT = iphoneos;
			};
			name = Debug;
		};
		87E8BD031C6DDAFD004C2EAD /* Release */ = {
			isa = XCBuildConfiguration;
			buildSettings = {
				ALWAYS_SEARCH_USER_PATHS = NO;
				CLANG_CXX_LANGUAGE_STANDARD = "gnu++0x";
				CLANG_CXX_LIBRARY = "libc++";
				CLANG_ENABLE_MODULES = YES;
				CLANG_ENABLE_OBJC_ARC = YES;
				CLANG_WARN_BOOL_CONVERSION = YES;
				CLANG_WARN_CONSTANT_CONVERSION = YES;
				CLANG_WARN_DIRECT_OBJC_ISA_USAGE = YES_ERROR;
				CLANG_WARN_EMPTY_BODY = YES;
				CLANG_WARN_ENUM_CONVERSION = YES;
				CLANG_WARN_INT_CONVERSION = YES;
				CLANG_WARN_OBJC_ROOT_CLASS = YES_ERROR;
				CLANG_WARN_UNREACHABLE_CODE = YES;
				CLANG_WARN__DUPLICATE_METHOD_MATCH = YES;
				"CODE_SIGN_IDENTITY[sdk=iphoneos*]" = "iPhone Developer";
				COPY_PHASE_STRIP = NO;
				DEBUG_INFORMATION_FORMAT = "dwarf-with-dsym";
				ENABLE_NS_ASSERTIONS = NO;
				ENABLE_STRICT_OBJC_MSGSEND = YES;
				GCC_C_LANGUAGE_STANDARD = gnu99;
				GCC_NO_COMMON_BLOCKS = YES;
				GCC_WARN_64_TO_32_BIT_CONVERSION = YES;
				GCC_WARN_ABOUT_RETURN_TYPE = YES_ERROR;
				GCC_WARN_UNDECLARED_SELECTOR = YES;
				GCC_WARN_UNINITIALIZED_AUTOS = YES_AGGRESSIVE;
				GCC_WARN_UNUSED_FUNCTION = YES;
				GCC_WARN_UNUSED_VARIABLE = YES;
				IPHONEOS_DEPLOYMENT_TARGET = 9.2;
				MTL_ENABLE_DEBUG_INFO = NO;
				SDKROOT = iphoneos;
				VALIDATE_PRODUCT = YES;
			};
			name = Release;
		};
		87E8BD051C6DDAFD004C2EAD /* Debug */ = {
			isa = XCBuildConfiguration;
			buildSettings = {
				OTHER_LDFLAGS = "-ObjC";
				PRODUCT_NAME = "$(TARGET_NAME)";
				SKIP_INSTALL = YES;
			};
			name = Debug;
		};
		87E8BD061C6DDAFD004C2EAD /* Release */ = {
			isa = XCBuildConfiguration;
			buildSettings = {
				OTHER_LDFLAGS = "-ObjC";
				PRODUCT_NAME = "$(TARGET_NAME)";
				SKIP_INSTALL = YES;
			};
			name = Release;
		};
		87E8BD191C6DEDAD004C2EAD /* Debug */ = {
			isa = XCBuildConfiguration;
			buildSettings = {
				INFOPLIST_FILE = DLSplashModuleTests/Info.plist;
				LD_RUNPATH_SEARCH_PATHS = "$(inherited) @executable_path/Frameworks @loader_path/Frameworks";
				PRODUCT_BUNDLE_IDENTIFIER = pl.dreamlab.DLSplashModuleTests;
				PRODUCT_NAME = "$(TARGET_NAME)";
			};
			name = Debug;
		};
		87E8BD1A1C6DEDAD004C2EAD /* Release */ = {
			isa = XCBuildConfiguration;
			buildSettings = {
				INFOPLIST_FILE = DLSplashModuleTests/Info.plist;
				LD_RUNPATH_SEARCH_PATHS = "$(inherited) @executable_path/Frameworks @loader_path/Frameworks";
				PRODUCT_BUNDLE_IDENTIFIER = pl.dreamlab.DLSplashModuleTests;
				PRODUCT_NAME = "$(TARGET_NAME)";
			};
			name = Release;
		};
/* End XCBuildConfiguration section */

/* Begin XCConfigurationList section */
		87E8BCF61C6DDAFD004C2EAD /* Build configuration list for PBXProject "DLSplashModule" */ = {
			isa = XCConfigurationList;
			buildConfigurations = (
				87E8BD021C6DDAFD004C2EAD /* Debug */,
				87E8BD031C6DDAFD004C2EAD /* Release */,
			);
			defaultConfigurationIsVisible = 0;
			defaultConfigurationName = Release;
		};
		87E8BD041C6DDAFD004C2EAD /* Build configuration list for PBXNativeTarget "DLSplashModule" */ = {
			isa = XCConfigurationList;
			buildConfigurations = (
				87E8BD051C6DDAFD004C2EAD /* Debug */,
				87E8BD061C6DDAFD004C2EAD /* Release */,
			);
			defaultConfigurationIsVisible = 0;
			defaultConfigurationName = Release;
		};
		87E8BD1B1C6DEDAD004C2EAD /* Build configuration list for PBXNativeTarget "DLSplashModuleTests" */ = {
			isa = XCConfigurationList;
			buildConfigurations = (
				87E8BD191C6DEDAD004C2EAD /* Debug */,
				87E8BD1A1C6DEDAD004C2EAD /* Release */,
			);
			defaultConfigurationIsVisible = 0;
			defaultConfigurationName = Release;
		};
/* End XCConfigurationList section */
	};
	rootObject = 87E8BCF31C6DDAFD004C2EAD /* Project object */;
}
